
Microsoft Visual Studio Solution File, Format Version 12.00
# Visual Studio Version 17
VisualStudioVersion = 17.14.36327.8
MinimumVisualStudioVersion = 10.0.40219.1
Project("{FAE04EC0-301F-11D3-BF4B-00C04F79EFBC}") = "ExampleProject.WebApi", "ExampleProject.WebApi\ExampleProject.WebApi.csproj", "{6EDA882F-43E3-40A5-B646-C8AD21068390}"
EndProject
Project("{FAE04EC0-301F-11D3-BF4B-00C04F79EFBC}") = "ExampleProject.Service", "ExampleProject.Service\ExampleProject.Service.csproj", "{51FF7C49-0FA7-45DD-98B6-1B622CE046D1}"
EndProject
Project("{FAE04EC0-301F-11D3-BF4B-00C04F79EFBC}") = "ExampleProject.Repository", "ExampleProject.Repository\ExampleProject.Repository.csproj", "{F839EC8B-C997-4CF8-9C9B-DEFAA6A2200E}"
EndProject
Project("{FAE04EC0-301F-11D3-BF4B-00C04F79EFBC}") = "ExampleProject.Model", "ExampleProject.Model\ExampleProject.Model.csproj", "{A892D756-DDC0-43D0-A53A-895EFADBA422}"
EndProject
Project("{FAE04EC0-301F-11D3-BF4B-00C04F79EFBC}") = "ExampleProject.Common", "ExampleProject.Common\ExampleProject.Common.csproj", "{A931FB2E-FEEC-4AE6-A20E-A2D3384DD1D9}"
EndProject
Project("{FAE04EC0-301F-11D3-BF4B-00C04F79EFBC}") = "ExampleProject.Repository.Common", "ExampleProject.Repository.Common\ExampleProject.Repository.Common.csproj", "{1C8417B3-7B62-44D2-9501-D537B5445E26}"
EndProject
Global
	GlobalSection(SolutionConfigurationPlatforms) = preSolution
		Debug|Any CPU = Debug|Any CPU
		Release|Any CPU = Release|Any CPU
	EndGlobalSection
	GlobalSection(ProjectConfigurationPlatforms) = postSolution
		{6EDA882F-43E3-40A5-B646-C8AD21068390}.Debug|Any CPU.ActiveCfg = Debug|Any CPU
		{6EDA882F-43E3-40A5-B646-C8AD21068390}.Debug|Any CPU.Build.0 = Debug|Any CPU
		{6EDA882F-43E3-40A5-B646-C8AD21068390}.Release|Any CPU.ActiveCfg = Release|Any CPU
		{6EDA882F-43E3-40A5-B646-C8AD21068390}.Release|Any CPU.Build.0 = Release|Any CPU
		{51FF7C49-0FA7-45DD-98B6-1B622CE046D1}.Debug|Any CPU.ActiveCfg = Debug|Any CPU
		{51FF7C49-0FA7-45DD-98B6-1B622CE046D1}.Debug|Any CPU.Build.0 = Debug|Any CPU
		{51FF7C49-0FA7-45DD-98B6-1B622CE046D1}.Release|Any CPU.ActiveCfg = Release|Any CPU
		{51FF7C49-0FA7-45DD-98B6-1B622CE046D1}.Release|Any CPU.Build.0 = Release|Any CPU
		{F839EC8B-C997-4CF8-9C9B-DEFAA6A2200E}.Debug|Any CPU.ActiveCfg = Debug|Any CPU
		{F839EC8B-C997-4CF8-9C9B-DEFAA6A2200E}.Debug|Any CPU.Build.0 = Debug|Any CPU
		{F839EC8B-C997-4CF8-9C9B-DEFAA6A2200E}.Release|Any CPU.ActiveCfg = Release|Any CPU
		{F839EC8B-C997-4CF8-9C9B-DEFAA6A2200E}.Release|Any CPU.Build.0 = Release|Any CPU
		{A892D756-DDC0-43D0-A53A-895EFADBA422}.Debug|Any CPU.ActiveCfg = Debug|Any CPU
		{A892D756-DDC0-43D0-A53A-895EFADBA422}.Debug|Any CPU.Build.0 = Debug|Any CPU
		{A892D756-DDC0-43D0-A53A-895EFADBA422}.Release|Any CPU.ActiveCfg = Release|Any CPU
		{A892D756-DDC0-43D0-A53A-895EFADBA422}.Release|Any CPU.Build.0 = Release|Any CPU
		{A931FB2E-FEEC-4AE6-A20E-A2D3384DD1D9}.Debug|Any CPU.ActiveCfg = Debug|Any CPU
		{A931FB2E-FEEC-4AE6-A20E-A2D3384DD1D9}.Debug|Any CPU.Build.0 = Debug|Any CPU
		{A931FB2E-FEEC-4AE6-A20E-A2D3384DD1D9}.Release|Any CPU.ActiveCfg = Release|Any CPU
		{A931FB2E-FEEC-4AE6-A20E-A2D3384DD1D9}.Release|Any CPU.Build.0 = Release|Any CPU
		{1C8417B3-7B62-44D2-9501-D537B5445E26}.Debug|Any CPU.ActiveCfg = Debug|Any CPU
		{1C8417B3-7B62-44D2-9501-D537B5445E26}.Debug|Any CPU.Build.0 = Debug|Any CPU
		{1C8417B3-7B62-44D2-9501-D537B5445E26}.Release|Any CPU.ActiveCfg = Release|Any CPU
		{1C8417B3-7B62-44D2-9501-D537B5445E26}.Release|Any CPU.Build.0 = Release|Any CPU
	EndGlobalSection
	GlobalSection(SolutionProperties) = preSolution
		HideSolutionNode = FALSE
	EndGlobalSection
	GlobalSection(ExtensibilityGlobals) = postSolution
		SolutionGuid = {C0F03EF7-28DC-4AFC-B4EF-8C98C2296A16}
	EndGlobalSection
EndGlobal
